
Microsoft Visual Studio Solution File, Format Version 12.00
# Visual Studio 14
VisualStudioVersion = 14.0.25420.1
MinimumVisualStudioVersion = 10.0.40219.1
Project("{FAE04EC0-301F-11D3-BF4B-00C04F79EFBC}") = "GooseGame.Business.Tests", "GooseGame.Tests\GooseGame.Business.Tests.csproj", "{2EEA4D07-7E69-4F7C-AF9F-6F4C28E3A55D}"
EndProject
Project("{FAE04EC0-301F-11D3-BF4B-00C04F79EFBC}") = "GooseGame.Console", "GooseGame.Console\GooseGame.Console.csproj", "{789BF185-5D95-4E79-B57A-DB463C479150}"
EndProject
Project("{FAE04EC0-301F-11D3-BF4B-00C04F79EFBC}") = "GooseGame.Business", "GooseGame.Business\GooseGame.Business.csproj", "{C8DDFA6A-250C-43C3-885A-903A8179963F}"
EndProject
Project("{FAE04EC0-301F-11D3-BF4B-00C04F79EFBC}") = "GooseGame.WinForm", "GooseGame.WinForm\GooseGame.WinForm.csproj", "{254E1074-0958-44B3-9615-6D4960771239}"
EndProject
Project("{2150E333-8FDC-42A3-9474-1A3956D46DE8}") = "Solution Items", "Solution Items", "{3B5D4E50-B305-4D8B-9A9A-BC981633CDD8}"
	ProjectSection(SolutionItems) = preProject
		Stories.txt = Stories.txt
		TestSettings1.testsettings = TestSettings1.testsettings
	EndProjectSection
EndProject
Project("{FAE04EC0-301F-11D3-BF4B-00C04F79EFBC}") = "GooseGame.Console.Tests", "GooseGame.Console.Tests\GooseGame.Console.Tests.csproj", "{01193611-FF8B-4C00-AF16-F8F85A4AB355}"
EndProject
Global
	GlobalSection(SolutionConfigurationPlatforms) = preSolution
		Debug|Any CPU = Debug|Any CPU
		Release|Any CPU = Release|Any CPU
	EndGlobalSection
	GlobalSection(ProjectConfigurationPlatforms) = postSolution
		{2EEA4D07-7E69-4F7C-AF9F-6F4C28E3A55D}.Debug|Any CPU.ActiveCfg = Debug|Any CPU
		{2EEA4D07-7E69-4F7C-AF9F-6F4C28E3A55D}.Debug|Any CPU.Build.0 = Debug|Any CPU
		{2EEA4D07-7E69-4F7C-AF9F-6F4C28E3A55D}.Release|Any CPU.ActiveCfg = Release|Any CPU
		{2EEA4D07-7E69-4F7C-AF9F-6F4C28E3A55D}.Release|Any CPU.Build.0 = Release|Any CPU
		{789BF185-5D95-4E79-B57A-DB463C479150}.Debug|Any CPU.ActiveCfg = Debug|Any CPU
		{789BF185-5D95-4E79-B57A-DB463C479150}.Debug|Any CPU.Build.0 = Debug|Any CPU
		{789BF185-5D95-4E79-B57A-DB463C479150}.Release|Any CPU.ActiveCfg = Release|Any CPU
		{789BF185-5D95-4E79-B57A-DB463C479150}.Release|Any CPU.Build.0 = Release|Any CPU
		{C8DDFA6A-250C-43C3-885A-903A8179963F}.Debug|Any CPU.ActiveCfg = Debug|Any CPU
		{C8DDFA6A-250C-43C3-885A-903A8179963F}.Debug|Any CPU.Build.0 = Debug|Any CPU
		{C8DDFA6A-250C-43C3-885A-903A8179963F}.Release|Any CPU.ActiveCfg = Release|Any CPU
		{C8DDFA6A-250C-43C3-885A-903A8179963F}.Release|Any CPU.Build.0 = Release|Any CPU
		{254E1074-0958-44B3-9615-6D4960771239}.Debug|Any CPU.ActiveCfg = Debug|Any CPU
		{254E1074-0958-44B3-9615-6D4960771239}.Debug|Any CPU.Build.0 = Debug|Any CPU
		{254E1074-0958-44B3-9615-6D4960771239}.Release|Any CPU.ActiveCfg = Release|Any CPU
		{254E1074-0958-44B3-9615-6D4960771239}.Release|Any CPU.Build.0 = Release|Any CPU
		{01193611-FF8B-4C00-AF16-F8F85A4AB355}.Debug|Any CPU.ActiveCfg = Debug|Any CPU
		{01193611-FF8B-4C00-AF16-F8F85A4AB355}.Debug|Any CPU.Build.0 = Debug|Any CPU
		{01193611-FF8B-4C00-AF16-F8F85A4AB355}.Release|Any CPU.ActiveCfg = Release|Any CPU
		{01193611-FF8B-4C00-AF16-F8F85A4AB355}.Release|Any CPU.Build.0 = Release|Any CPU
	EndGlobalSection
	GlobalSection(SolutionProperties) = preSolution
		HideSolutionNode = FALSE
	EndGlobalSection
EndGlobal
